
Microsoft Visual Studio Solution File, Format Version 11.00
# Visual Studio 2010
Project("{8BC9CEB8-8B4A-11D0-8D11-00A0C91BC942}") = "WebRtcAudioTest", "WebRtcAudioTest\WebRtcAudioTest.vcxproj", "{832F4BCA-3E31-4537-BC02-2A5FC1BD0AC1}"
	ProjectSection(ProjectDependencies) = postProject
		{2247DFAC-9A2A-8C9D-30D3-FCC2852EAAAF} = {2247DFAC-9A2A-8C9D-30D3-FCC2852EAAAF}
		{AC8B2FC2-8064-7930-F802-3D82A6C7B054} = {AC8B2FC2-8064-7930-F802-3D82A6C7B054}
		{F4C2F0F8-5536-9351-B046-B624291AB0CA} = {F4C2F0F8-5536-9351-B046-B624291AB0CA}
	EndProjectSection
EndProject
Project("{8BC9CEB8-8B4A-11D0-8D11-00A0C91BC942}") = "audio_processing", "webrtc\modules\audio_processing.vcxproj", "{2247DFAC-9A2A-8C9D-30D3-FCC2852EAAAF}"
EndProject
Project("{8BC9CEB8-8B4A-11D0-8D11-00A0C91BC942}") = "common_audio", "webrtc\common_audio\common_audio.vcxproj", "{AC8B2FC2-8064-7930-F802-3D82A6C7B054}"
EndProject
Project("{8BC9CEB8-8B4A-11D0-8D11-00A0C91BC942}") = "system_wrappers", "webrtc\system_wrappers\source\system_wrappers.vcxproj", "{F4C2F0F8-5536-9351-B046-B624291AB0CA}"
EndProject
Global
	GlobalSection(SolutionConfigurationPlatforms) = preSolution
		Debug|Win32 = Debug|Win32
		Debug|x64 = Debug|x64
		Release|Win32 = Release|Win32
		Release|x64 = Release|x64
	EndGlobalSection
	GlobalSection(ProjectConfigurationPlatforms) = postSolution
		{832F4BCA-3E31-4537-BC02-2A5FC1BD0AC1}.Debug|Win32.ActiveCfg = Debug|Win32
		{832F4BCA-3E31-4537-BC02-2A5FC1BD0AC1}.Debug|Win32.Build.0 = Debug|Win32
		{832F4BCA-3E31-4537-BC02-2A5FC1BD0AC1}.Debug|x64.ActiveCfg = Debug|Win32
		{832F4BCA-3E31-4537-BC02-2A5FC1BD0AC1}.Release|Win32.ActiveCfg = Release|Win32
		{832F4BCA-3E31-4537-BC02-2A5FC1BD0AC1}.Release|Win32.Build.0 = Release|Win32
		{832F4BCA-3E31-4537-BC02-2A5FC1BD0AC1}.Release|x64.ActiveCfg = Release|Win32
		{2247DFAC-9A2A-8C9D-30D3-FCC2852EAAAF}.Debug|Win32.ActiveCfg = Debug|Win32
		{2247DFAC-9A2A-8C9D-30D3-FCC2852EAAAF}.Debug|Win32.Build.0 = Debug|Win32
		{2247DFAC-9A2A-8C9D-30D3-FCC2852EAAAF}.Debug|x64.ActiveCfg = Debug|x64
		{2247DFAC-9A2A-8C9D-30D3-FCC2852EAAAF}.Debug|x64.Build.0 = Debug|x64
		{2247DFAC-9A2A-8C9D-30D3-FCC2852EAAAF}.Release|Win32.ActiveCfg = Release|Win32
		{2247DFAC-9A2A-8C9D-30D3-FCC2852EAAAF}.Release|Win32.Build.0 = Release|Win32
		{2247DFAC-9A2A-8C9D-30D3-FCC2852EAAAF}.Release|x64.ActiveCfg = Release|x64
		{2247DFAC-9A2A-8C9D-30D3-FCC2852EAAAF}.Release|x64.Build.0 = Release|x64
		{AC8B2FC2-8064-7930-F802-3D82A6C7B054}.Debug|Win32.ActiveCfg = Debug|Win32
		{AC8B2FC2-8064-7930-F802-3D82A6C7B054}.Debug|Win32.Build.0 = Debug|Win32
		{AC8B2FC2-8064-7930-F802-3D82A6C7B054}.Debug|x64.ActiveCfg = Debug|x64
		{AC8B2FC2-8064-7930-F802-3D82A6C7B054}.Debug|x64.Build.0 = Debug|x64
		{AC8B2FC2-8064-7930-F802-3D82A6C7B054}.Release|Win32.ActiveCfg = Release|Win32
		{AC8B2FC2-8064-7930-F802-3D82A6C7B054}.Release|Win32.Build.0 = Release|Win32
		{AC8B2FC2-8064-7930-F802-3D82A6C7B054}.Release|x64.ActiveCfg = Release|x64
		{AC8B2FC2-8064-7930-F802-3D82A6C7B054}.Release|x64.Build.0 = Release|x64
		{F4C2F0F8-5536-9351-B046-B624291AB0CA}.Debug|Win32.ActiveCfg = Debug|Win32
		{F4C2F0F8-5536-9351-B046-B624291AB0CA}.Debug|Win32.Build.0 = Debug|Win32
		{F4C2F0F8-5536-9351-B046-B624291AB0CA}.Debug|x64.ActiveCfg = Debug|x64
		{F4C2F0F8-5536-9351-B046-B624291AB0CA}.Debug|x64.Build.0 = Debug|x64
		{F4C2F0F8-5536-9351-B046-B624291AB0CA}.Release|Win32.ActiveCfg = Release|Win32
		{F4C2F0F8-5536-9351-B046-B624291AB0CA}.Release|Win32.Build.0 = Release|Win32
		{F4C2F0F8-5536-9351-B046-B624291AB0CA}.Release|x64.ActiveCfg = Release|x64
		{F4C2F0F8-5536-9351-B046-B624291AB0CA}.Release|x64.Build.0 = Release|x64
	EndGlobalSection
	GlobalSection(SolutionProperties) = preSolution
		HideSolutionNode = FALSE
	EndGlobalSection
EndGlobal
