Microsoft Visual Studio Solution File, Format Version 11.00
# Visual Studio 2010
Project("{2150E333-8FDC-42A3-9474-1A3956D46DE8}") = "(common_audio)", "..\..\..\webrtc\common_audio", "{F4DBC581-D1BC-0F15-B59D-4DD93B16A165}"
EndProject
Project("{2150E333-8FDC-42A3-9474-1A3956D46DE8}") = "(source)", "..\..\..\webrtc\system_wrappers\source", "{38B7683E-6F16-B5E1-5F7D-9D2F85A33684}"
EndProject
Project("{2150E333-8FDC-42A3-9474-1A3956D46DE8}") = "(system_wrappers)", "..\..\..\webrtc\system_wrappers", "{C22DCE09-BE8E-C79C-FFD0-C3927B546C91}"
EndProject
Project("{2150E333-8FDC-42A3-9474-1A3956D46DE8}") = "(test)", "..\..\..\webrtc\test", "{46835DB2-71BA-66C0-5A55-04D9E2C70AA8}"
EndProject
Project("{2150E333-8FDC-42A3-9474-1A3956D46DE8}") = "(testing)", "..\..\..\testing", "{EAC80D00-01D2-3F49-A377-20B7154947F3}"
EndProject
Project("{2150E333-8FDC-42A3-9474-1A3956D46DE8}") = "(third_party)", "..\..\..\third_party", "{89C816A7-DD31-D54C-C69C-5A80E0C49B77}"
EndProject
Project("{2150E333-8FDC-42A3-9474-1A3956D46DE8}") = "(webrtc)", "..\..\..\webrtc", "{FB3E20CC-9516-F7D2-EFF7-C27ABDCA54B9}"
EndProject
Project("{8BC9CEB8-8B4A-11D0-8D11-00A0C91BC942}") = "common_audio", "common_audio.vcxproj", "{AC8B2FC2-8064-7930-F802-3D82A6C7B054}"
EndProject
Project("{8BC9CEB8-8B4A-11D0-8D11-00A0C91BC942}") = "common_audio_sse2", "common_audio_sse2.vcxproj", "{93706B59-E890-4EAB-6B90-423121FC5F23}"
EndProject
Project("{8BC9CEB8-8B4A-11D0-8D11-00A0C91BC942}") = "common_audio_unittests", "common_audio_unittests.vcxproj", "{635178E0-3B64-DC29-9305-736DC87E5E22}"
	ProjectSection(ProjectDependencies) = postProject
		{AC8B2FC2-8064-7930-F802-3D82A6C7B054} = {AC8B2FC2-8064-7930-F802-3D82A6C7B054}
		{58E41A55-505F-6110-BCA6-D913B411F771} = {58E41A55-505F-6110-BCA6-D913B411F771}
		{39B23E49-CDE3-1FFC-9363-684485D72D89} = {39B23E49-CDE3-1FFC-9363-684485D72D89}
		{A7261DDB-434E-1D0E-2CE6-DE3E1364B2C6} = {A7261DDB-434E-1D0E-2CE6-DE3E1364B2C6}
		{F4C2F0F8-5536-9351-B046-B624291AB0CA} = {F4C2F0F8-5536-9351-B046-B624291AB0CA}
		{93706B59-E890-4EAB-6B90-423121FC5F23} = {93706B59-E890-4EAB-6B90-423121FC5F23}
		{0C77F751-A777-7696-B24F-E0C29F6E1974} = {0C77F751-A777-7696-B24F-E0C29F6E1974}
		{7F2A660C-7BC1-7453-5850-7B4D089D34FA} = {7F2A660C-7BC1-7453-5850-7B4D089D34FA}
		{958F96C9-7BB2-8520-0FB2-1A004A3A5749} = {958F96C9-7BB2-8520-0FB2-1A004A3A5749}
	EndProjectSection
EndProject
Project("{8BC9CEB8-8B4A-11D0-8D11-00A0C91BC942}") = "common_audio_unittests_run", "common_audio_unittests_run.vcxproj", "{E3E96378-2492-9C51-E9E0-DC48308E41B1}"
	ProjectSection(ProjectDependencies) = postProject
		{635178E0-3B64-DC29-9305-736DC87E5E22} = {635178E0-3B64-DC29-9305-736DC87E5E22}
	EndProjectSection
EndProject
Project("{8BC9CEB8-8B4A-11D0-8D11-00A0C91BC942}") = "gflags", "..\..\third_party\gflags\gflags.vcxproj", "{958F96C9-7BB2-8520-0FB2-1A004A3A5749}"
EndProject
Project("{8BC9CEB8-8B4A-11D0-8D11-00A0C91BC942}") = "gmock", "..\..\testing\gmock.vcxproj", "{39B23E49-CDE3-1FFC-9363-684485D72D89}"
EndProject
Project("{8BC9CEB8-8B4A-11D0-8D11-00A0C91BC942}") = "gtest", "..\..\testing\gtest.vcxproj", "{A7261DDB-434E-1D0E-2CE6-DE3E1364B2C6}"
	ProjectSection(ProjectDependencies) = postProject
		{7F2A660C-7BC1-7453-5850-7B4D089D34FA} = {7F2A660C-7BC1-7453-5850-7B4D089D34FA}
	EndProjectSection
EndProject
Project("{8BC9CEB8-8B4A-11D0-8D11-00A0C91BC942}") = "gtest_prod", "..\..\testing\gtest_prod.vcxproj", "{7F2A660C-7BC1-7453-5850-7B4D089D34FA}"
EndProject
Project("{8BC9CEB8-8B4A-11D0-8D11-00A0C91BC942}") = "system_wrappers", "..\system_wrappers\source\system_wrappers.vcxproj", "{F4C2F0F8-5536-9351-B046-B624291AB0CA}"
EndProject
Project("{8BC9CEB8-8B4A-11D0-8D11-00A0C91BC942}") = "test_support", "..\test\test_support.vcxproj", "{0C77F751-A777-7696-B24F-E0C29F6E1974}"
EndProject
Project("{8BC9CEB8-8B4A-11D0-8D11-00A0C91BC942}") = "test_support_main", "..\test\test_support_main.vcxproj", "{58E41A55-505F-6110-BCA6-D913B411F771}"
EndProject
Global
	GlobalSection(SolutionConfigurationPlatforms) = preSolution
		Debug|x64 = Debug|x64
		Debug|Win32 = Debug|Win32
		Release|x64 = Release|x64
		Release|Win32 = Release|Win32
	EndGlobalSection
	GlobalSection(ProjectConfigurationPlatforms) = postSolution
		{0C77F751-A777-7696-B24F-E0C29F6E1974}.Debug|x64.ActiveCfg = Debug|x64
		{0C77F751-A777-7696-B24F-E0C29F6E1974}.Debug|x64.Build.0 = Debug|x64
		{0C77F751-A777-7696-B24F-E0C29F6E1974}.Debug|Win32.ActiveCfg = Debug|Win32
		{0C77F751-A777-7696-B24F-E0C29F6E1974}.Debug|Win32.Build.0 = Debug|Win32
		{0C77F751-A777-7696-B24F-E0C29F6E1974}.Release|x64.ActiveCfg = Release|x64
		{0C77F751-A777-7696-B24F-E0C29F6E1974}.Release|x64.Build.0 = Release|x64
		{0C77F751-A777-7696-B24F-E0C29F6E1974}.Release|Win32.ActiveCfg = Release|Win32
		{0C77F751-A777-7696-B24F-E0C29F6E1974}.Release|Win32.Build.0 = Release|Win32
		{39B23E49-CDE3-1FFC-9363-684485D72D89}.Debug|x64.ActiveCfg = Debug|x64
		{39B23E49-CDE3-1FFC-9363-684485D72D89}.Debug|x64.Build.0 = Debug|x64
		{39B23E49-CDE3-1FFC-9363-684485D72D89}.Debug|Win32.ActiveCfg = Debug|Win32
		{39B23E49-CDE3-1FFC-9363-684485D72D89}.Debug|Win32.Build.0 = Debug|Win32
		{39B23E49-CDE3-1FFC-9363-684485D72D89}.Release|x64.ActiveCfg = Release|x64
		{39B23E49-CDE3-1FFC-9363-684485D72D89}.Release|x64.Build.0 = Release|x64
		{39B23E49-CDE3-1FFC-9363-684485D72D89}.Release|Win32.ActiveCfg = Release|Win32
		{39B23E49-CDE3-1FFC-9363-684485D72D89}.Release|Win32.Build.0 = Release|Win32
		{58E41A55-505F-6110-BCA6-D913B411F771}.Debug|x64.ActiveCfg = Debug|x64
		{58E41A55-505F-6110-BCA6-D913B411F771}.Debug|x64.Build.0 = Debug|x64
		{58E41A55-505F-6110-BCA6-D913B411F771}.Debug|Win32.ActiveCfg = Debug|Win32
		{58E41A55-505F-6110-BCA6-D913B411F771}.Debug|Win32.Build.0 = Debug|Win32
		{58E41A55-505F-6110-BCA6-D913B411F771}.Release|x64.ActiveCfg = Release|x64
		{58E41A55-505F-6110-BCA6-D913B411F771}.Release|x64.Build.0 = Release|x64
		{58E41A55-505F-6110-BCA6-D913B411F771}.Release|Win32.ActiveCfg = Release|Win32
		{58E41A55-505F-6110-BCA6-D913B411F771}.Release|Win32.Build.0 = Release|Win32
		{635178E0-3B64-DC29-9305-736DC87E5E22}.Debug|x64.ActiveCfg = Debug|x64
		{635178E0-3B64-DC29-9305-736DC87E5E22}.Debug|x64.Build.0 = Debug|x64
		{635178E0-3B64-DC29-9305-736DC87E5E22}.Debug|Win32.ActiveCfg = Debug|Win32
		{635178E0-3B64-DC29-9305-736DC87E5E22}.Debug|Win32.Build.0 = Debug|Win32
		{635178E0-3B64-DC29-9305-736DC87E5E22}.Release|x64.ActiveCfg = Release|x64
		{635178E0-3B64-DC29-9305-736DC87E5E22}.Release|x64.Build.0 = Release|x64
		{635178E0-3B64-DC29-9305-736DC87E5E22}.Release|Win32.ActiveCfg = Release|Win32
		{635178E0-3B64-DC29-9305-736DC87E5E22}.Release|Win32.Build.0 = Release|Win32
		{7F2A660C-7BC1-7453-5850-7B4D089D34FA}.Debug|x64.ActiveCfg = Debug|x64
		{7F2A660C-7BC1-7453-5850-7B4D089D34FA}.Debug|x64.Build.0 = Debug|x64
		{7F2A660C-7BC1-7453-5850-7B4D089D34FA}.Debug|Win32.ActiveCfg = Debug|Win32
		{7F2A660C-7BC1-7453-5850-7B4D089D34FA}.Debug|Win32.Build.0 = Debug|Win32
		{7F2A660C-7BC1-7453-5850-7B4D089D34FA}.Release|x64.ActiveCfg = Release|x64
		{7F2A660C-7BC1-7453-5850-7B4D089D34FA}.Release|x64.Build.0 = Release|x64
		{7F2A660C-7BC1-7453-5850-7B4D089D34FA}.Release|Win32.ActiveCfg = Release|Win32
		{7F2A660C-7BC1-7453-5850-7B4D089D34FA}.Release|Win32.Build.0 = Release|Win32
		{93706B59-E890-4EAB-6B90-423121FC5F23}.Debug|x64.ActiveCfg = Debug|x64
		{93706B59-E890-4EAB-6B90-423121FC5F23}.Debug|x64.Build.0 = Debug|x64
		{93706B59-E890-4EAB-6B90-423121FC5F23}.Debug|Win32.ActiveCfg = Debug|Win32
		{93706B59-E890-4EAB-6B90-423121FC5F23}.Debug|Win32.Build.0 = Debug|Win32
		{93706B59-E890-4EAB-6B90-423121FC5F23}.Release|x64.ActiveCfg = Release|x64
		{93706B59-E890-4EAB-6B90-423121FC5F23}.Release|x64.Build.0 = Release|x64
		{93706B59-E890-4EAB-6B90-423121FC5F23}.Release|Win32.ActiveCfg = Release|Win32
		{93706B59-E890-4EAB-6B90-423121FC5F23}.Release|Win32.Build.0 = Release|Win32
		{958F96C9-7BB2-8520-0FB2-1A004A3A5749}.Debug|x64.ActiveCfg = Debug|x64
		{958F96C9-7BB2-8520-0FB2-1A004A3A5749}.Debug|x64.Build.0 = Debug|x64
		{958F96C9-7BB2-8520-0FB2-1A004A3A5749}.Debug|Win32.ActiveCfg = Debug|Win32
		{958F96C9-7BB2-8520-0FB2-1A004A3A5749}.Debug|Win32.Build.0 = Debug|Win32
		{958F96C9-7BB2-8520-0FB2-1A004A3A5749}.Release|x64.ActiveCfg = Release|x64
		{958F96C9-7BB2-8520-0FB2-1A004A3A5749}.Release|x64.Build.0 = Release|x64
		{958F96C9-7BB2-8520-0FB2-1A004A3A5749}.Release|Win32.ActiveCfg = Release|Win32
		{958F96C9-7BB2-8520-0FB2-1A004A3A5749}.Release|Win32.Build.0 = Release|Win32
		{A7261DDB-434E-1D0E-2CE6-DE3E1364B2C6}.Debug|x64.ActiveCfg = Debug|x64
		{A7261DDB-434E-1D0E-2CE6-DE3E1364B2C6}.Debug|x64.Build.0 = Debug|x64
		{A7261DDB-434E-1D0E-2CE6-DE3E1364B2C6}.Debug|Win32.ActiveCfg = Debug|Win32
		{A7261DDB-434E-1D0E-2CE6-DE3E1364B2C6}.Debug|Win32.Build.0 = Debug|Win32
		{A7261DDB-434E-1D0E-2CE6-DE3E1364B2C6}.Release|x64.ActiveCfg = Release|x64
		{A7261DDB-434E-1D0E-2CE6-DE3E1364B2C6}.Release|x64.Build.0 = Release|x64
		{A7261DDB-434E-1D0E-2CE6-DE3E1364B2C6}.Release|Win32.ActiveCfg = Release|Win32
		{A7261DDB-434E-1D0E-2CE6-DE3E1364B2C6}.Release|Win32.Build.0 = Release|Win32
		{AC8B2FC2-8064-7930-F802-3D82A6C7B054}.Debug|x64.ActiveCfg = Debug|x64
		{AC8B2FC2-8064-7930-F802-3D82A6C7B054}.Debug|x64.Build.0 = Debug|x64
		{AC8B2FC2-8064-7930-F802-3D82A6C7B054}.Debug|Win32.ActiveCfg = Debug|Win32
		{AC8B2FC2-8064-7930-F802-3D82A6C7B054}.Debug|Win32.Build.0 = Debug|Win32
		{AC8B2FC2-8064-7930-F802-3D82A6C7B054}.Release|x64.ActiveCfg = Release|x64
		{AC8B2FC2-8064-7930-F802-3D82A6C7B054}.Release|x64.Build.0 = Release|x64
		{AC8B2FC2-8064-7930-F802-3D82A6C7B054}.Release|Win32.ActiveCfg = Release|Win32
		{AC8B2FC2-8064-7930-F802-3D82A6C7B054}.Release|Win32.Build.0 = Release|Win32
		{E3E96378-2492-9C51-E9E0-DC48308E41B1}.Debug|x64.ActiveCfg = Debug|x64
		{E3E96378-2492-9C51-E9E0-DC48308E41B1}.Debug|x64.Build.0 = Debug|x64
		{E3E96378-2492-9C51-E9E0-DC48308E41B1}.Debug|Win32.ActiveCfg = Debug|Win32
		{E3E96378-2492-9C51-E9E0-DC48308E41B1}.Debug|Win32.Build.0 = Debug|Win32
		{E3E96378-2492-9C51-E9E0-DC48308E41B1}.Release|x64.ActiveCfg = Release|x64
		{E3E96378-2492-9C51-E9E0-DC48308E41B1}.Release|x64.Build.0 = Release|x64
		{E3E96378-2492-9C51-E9E0-DC48308E41B1}.Release|Win32.ActiveCfg = Release|Win32
		{E3E96378-2492-9C51-E9E0-DC48308E41B1}.Release|Win32.Build.0 = Release|Win32
		{F4C2F0F8-5536-9351-B046-B624291AB0CA}.Debug|x64.ActiveCfg = Debug|x64
		{F4C2F0F8-5536-9351-B046-B624291AB0CA}.Debug|x64.Build.0 = Debug|x64
		{F4C2F0F8-5536-9351-B046-B624291AB0CA}.Debug|Win32.ActiveCfg = Debug|Win32
		{F4C2F0F8-5536-9351-B046-B624291AB0CA}.Debug|Win32.Build.0 = Debug|Win32
		{F4C2F0F8-5536-9351-B046-B624291AB0CA}.Release|x64.ActiveCfg = Release|x64
		{F4C2F0F8-5536-9351-B046-B624291AB0CA}.Release|x64.Build.0 = Release|x64
		{F4C2F0F8-5536-9351-B046-B624291AB0CA}.Release|Win32.ActiveCfg = Release|Win32
		{F4C2F0F8-5536-9351-B046-B624291AB0CA}.Release|Win32.Build.0 = Release|Win32
	EndGlobalSection
	GlobalSection(SolutionProperties) = preSolution
		HideSolutionNode = FALSE
	EndGlobalSection
	GlobalSection(NestedProjects) = preSolution
		{AC8B2FC2-8064-7930-F802-3D82A6C7B054} = {F4DBC581-D1BC-0F15-B59D-4DD93B16A165}
		{93706B59-E890-4EAB-6B90-423121FC5F23} = {F4DBC581-D1BC-0F15-B59D-4DD93B16A165}
		{635178E0-3B64-DC29-9305-736DC87E5E22} = {F4DBC581-D1BC-0F15-B59D-4DD93B16A165}
		{E3E96378-2492-9C51-E9E0-DC48308E41B1} = {F4DBC581-D1BC-0F15-B59D-4DD93B16A165}
		{F4C2F0F8-5536-9351-B046-B624291AB0CA} = {38B7683E-6F16-B5E1-5F7D-9D2F85A33684}
		{38B7683E-6F16-B5E1-5F7D-9D2F85A33684} = {C22DCE09-BE8E-C79C-FFD0-C3927B546C91}
		{0C77F751-A777-7696-B24F-E0C29F6E1974} = {46835DB2-71BA-66C0-5A55-04D9E2C70AA8}
		{58E41A55-505F-6110-BCA6-D913B411F771} = {46835DB2-71BA-66C0-5A55-04D9E2C70AA8}
		{39B23E49-CDE3-1FFC-9363-684485D72D89} = {EAC80D00-01D2-3F49-A377-20B7154947F3}
		{A7261DDB-434E-1D0E-2CE6-DE3E1364B2C6} = {EAC80D00-01D2-3F49-A377-20B7154947F3}
		{7F2A660C-7BC1-7453-5850-7B4D089D34FA} = {EAC80D00-01D2-3F49-A377-20B7154947F3}
		{958F96C9-7BB2-8520-0FB2-1A004A3A5749} = {89C816A7-DD31-D54C-C69C-5A80E0C49B77}
		{F4DBC581-D1BC-0F15-B59D-4DD93B16A165} = {FB3E20CC-9516-F7D2-EFF7-C27ABDCA54B9}
		{C22DCE09-BE8E-C79C-FFD0-C3927B546C91} = {FB3E20CC-9516-F7D2-EFF7-C27ABDCA54B9}
		{46835DB2-71BA-66C0-5A55-04D9E2C70AA8} = {FB3E20CC-9516-F7D2-EFF7-C27ABDCA54B9}
	EndGlobalSection
EndGlobal
